
Microsoft Visual Studio Solution File, Format Version 12.00
# Visual Studio Version 17
VisualStudioVersion = 17.7.34221.43
MinimumVisualStudioVersion = 10.0.40219.1
Project("{FAE04EC0-301F-11D3-BF4B-00C04F79EFBC}") = "Exercicio07", "Exercicio07\Exercicio07.csproj", "{5F5E4F00-A274-444F-B343-49255330B0CC}"
EndProject
Global
	GlobalSection(SolutionConfigurationPlatforms) = preSolution
		Debug|Any CPU = Debug|Any CPU
		Release|Any CPU = Release|Any CPU
	EndGlobalSection
	GlobalSection(ProjectConfigurationPlatforms) = postSolution
		{5F5E4F00-A274-444F-B343-49255330B0CC}.Debug|Any CPU.ActiveCfg = Debug|Any CPU
		{5F5E4F00-A274-444F-B343-49255330B0CC}.Debug|Any CPU.Build.0 = Debug|Any CPU
		{5F5E4F00-A274-444F-B343-49255330B0CC}.Release|Any CPU.ActiveCfg = Release|Any CPU
		{5F5E4F00-A274-444F-B343-49255330B0CC}.Release|Any CPU.Build.0 = Release|Any CPU
	EndGlobalSection
	GlobalSection(SolutionProperties) = preSolution
		HideSolutionNode = FALSE
	EndGlobalSection
	GlobalSection(ExtensibilityGlobals) = postSolution
		SolutionGuid = {91E50D98-6A8D-49C1-B738-0D86A89943C9}
	EndGlobalSection
EndGlobal
