
Microsoft Visual Studio Solution File, Format Version 12.00
# Visual Studio Version 17
VisualStudioVersion = 17.7.34221.43
MinimumVisualStudioVersion = 10.0.40219.1
Project("{FAE04EC0-301F-11D3-BF4B-00C04F79EFBC}") = "Desafio Caulculadora", "Desafio Caulculadora\Desafio Caulculadora.csproj", "{A983CDBC-0F76-4946-87E6-E89B0D78E8F1}"
EndProject
Global
	GlobalSection(SolutionConfigurationPlatforms) = preSolution
		Debug|Any CPU = Debug|Any CPU
		Release|Any CPU = Release|Any CPU
	EndGlobalSection
	GlobalSection(ProjectConfigurationPlatforms) = postSolution
		{A983CDBC-0F76-4946-87E6-E89B0D78E8F1}.Debug|Any CPU.ActiveCfg = Debug|Any CPU
		{A983CDBC-0F76-4946-87E6-E89B0D78E8F1}.Debug|Any CPU.Build.0 = Debug|Any CPU
		{A983CDBC-0F76-4946-87E6-E89B0D78E8F1}.Release|Any CPU.ActiveCfg = Release|Any CPU
		{A983CDBC-0F76-4946-87E6-E89B0D78E8F1}.Release|Any CPU.Build.0 = Release|Any CPU
	EndGlobalSection
	GlobalSection(SolutionProperties) = preSolution
		HideSolutionNode = FALSE
	EndGlobalSection
	GlobalSection(ExtensibilityGlobals) = postSolution
		SolutionGuid = {F118DCA3-6D9C-44D2-AC52-5734A90FC866}
	EndGlobalSection
EndGlobal
