
Microsoft Visual Studio Solution File, Format Version 12.00
# Visual Studio Version 17
VisualStudioVersion = 17.7.34221.43
MinimumVisualStudioVersion = 10.0.40219.1
Project("{FAE04EC0-301F-11D3-BF4B-00C04F79EFBC}") = "Exercicio06_Vetor", "Exercicio06_Vetor\Exercicio06_Vetor.csproj", "{3B151C4B-92A3-44D9-90AE-DA448F130F78}"
EndProject
Global
	GlobalSection(SolutionConfigurationPlatforms) = preSolution
		Debug|Any CPU = Debug|Any CPU
		Release|Any CPU = Release|Any CPU
	EndGlobalSection
	GlobalSection(ProjectConfigurationPlatforms) = postSolution
		{3B151C4B-92A3-44D9-90AE-DA448F130F78}.Debug|Any CPU.ActiveCfg = Debug|Any CPU
		{3B151C4B-92A3-44D9-90AE-DA448F130F78}.Debug|Any CPU.Build.0 = Debug|Any CPU
		{3B151C4B-92A3-44D9-90AE-DA448F130F78}.Release|Any CPU.ActiveCfg = Release|Any CPU
		{3B151C4B-92A3-44D9-90AE-DA448F130F78}.Release|Any CPU.Build.0 = Release|Any CPU
	EndGlobalSection
	GlobalSection(SolutionProperties) = preSolution
		HideSolutionNode = FALSE
	EndGlobalSection
	GlobalSection(ExtensibilityGlobals) = postSolution
		SolutionGuid = {010C8E1D-60CF-4FAA-84E8-2F0CEE27293B}
	EndGlobalSection
EndGlobal
