
Microsoft Visual Studio Solution File, Format Version 12.00
# Visual Studio Version 17
VisualStudioVersion = 17.7.34221.43
MinimumVisualStudioVersion = 10.0.40219.1
Project("{FAE04EC0-301F-11D3-BF4B-00C04F79EFBC}") = "LHPets", "LHPets\LHPets.csproj", "{76325A02-EA68-4B60-93C7-73E04617D873}"
EndProject
Global
	GlobalSection(SolutionConfigurationPlatforms) = preSolution
		Debug|Any CPU = Debug|Any CPU
		Release|Any CPU = Release|Any CPU
	EndGlobalSection
	GlobalSection(ProjectConfigurationPlatforms) = postSolution
		{76325A02-EA68-4B60-93C7-73E04617D873}.Debug|Any CPU.ActiveCfg = Debug|Any CPU
		{76325A02-EA68-4B60-93C7-73E04617D873}.Debug|Any CPU.Build.0 = Debug|Any CPU
		{76325A02-EA68-4B60-93C7-73E04617D873}.Release|Any CPU.ActiveCfg = Release|Any CPU
		{76325A02-EA68-4B60-93C7-73E04617D873}.Release|Any CPU.Build.0 = Release|Any CPU
	EndGlobalSection
	GlobalSection(SolutionProperties) = preSolution
		HideSolutionNode = FALSE
	EndGlobalSection
	GlobalSection(ExtensibilityGlobals) = postSolution
		SolutionGuid = {79FF1014-8BCC-4062-AD7C-F0F4743F1CE8}
	EndGlobalSection
EndGlobal
