
Microsoft Visual Studio Solution File, Format Version 12.00
# Visual Studio Version 17
VisualStudioVersion = 17.7.34221.43
MinimumVisualStudioVersion = 10.0.40219.1
Project("{FAE04EC0-301F-11D3-BF4B-00C04F79EFBC}") = "Ex4_OMaior", "Ex4_OMaior\Ex4_OMaior.csproj", "{50B1D7D5-A49C-454E-9041-75F02B51FA6A}"
EndProject
Global
	GlobalSection(SolutionConfigurationPlatforms) = preSolution
		Debug|Any CPU = Debug|Any CPU
		Release|Any CPU = Release|Any CPU
	EndGlobalSection
	GlobalSection(ProjectConfigurationPlatforms) = postSolution
		{50B1D7D5-A49C-454E-9041-75F02B51FA6A}.Debug|Any CPU.ActiveCfg = Debug|Any CPU
		{50B1D7D5-A49C-454E-9041-75F02B51FA6A}.Debug|Any CPU.Build.0 = Debug|Any CPU
		{50B1D7D5-A49C-454E-9041-75F02B51FA6A}.Release|Any CPU.ActiveCfg = Release|Any CPU
		{50B1D7D5-A49C-454E-9041-75F02B51FA6A}.Release|Any CPU.Build.0 = Release|Any CPU
	EndGlobalSection
	GlobalSection(SolutionProperties) = preSolution
		HideSolutionNode = FALSE
	EndGlobalSection
	GlobalSection(ExtensibilityGlobals) = postSolution
		SolutionGuid = {F85CFE64-552B-4F22-859B-D5233FA1C569}
	EndGlobalSection
EndGlobal
