
Microsoft Visual Studio Solution File, Format Version 12.00
# Visual Studio Version 17
VisualStudioVersion = 17.7.34221.43
MinimumVisualStudioVersion = 10.0.40219.1
Project("{FAE04EC0-301F-11D3-BF4B-00C04F79EFBC}") = "Ex3_Area", "Ex3_Area\Ex3_Area.csproj", "{CA096E07-8DD8-4828-9D60-92DFD99CD9F9}"
EndProject
Global
	GlobalSection(SolutionConfigurationPlatforms) = preSolution
		Debug|Any CPU = Debug|Any CPU
		Release|Any CPU = Release|Any CPU
	EndGlobalSection
	GlobalSection(ProjectConfigurationPlatforms) = postSolution
		{CA096E07-8DD8-4828-9D60-92DFD99CD9F9}.Debug|Any CPU.ActiveCfg = Debug|Any CPU
		{CA096E07-8DD8-4828-9D60-92DFD99CD9F9}.Debug|Any CPU.Build.0 = Debug|Any CPU
		{CA096E07-8DD8-4828-9D60-92DFD99CD9F9}.Release|Any CPU.ActiveCfg = Release|Any CPU
		{CA096E07-8DD8-4828-9D60-92DFD99CD9F9}.Release|Any CPU.Build.0 = Release|Any CPU
	EndGlobalSection
	GlobalSection(SolutionProperties) = preSolution
		HideSolutionNode = FALSE
	EndGlobalSection
	GlobalSection(ExtensibilityGlobals) = postSolution
		SolutionGuid = {17EBBB9D-F423-4A65-AB5A-575EEE0840B5}
	EndGlobalSection
EndGlobal
