
Microsoft Visual Studio Solution File, Format Version 12.00
# Visual Studio Version 17
VisualStudioVersion = 17.7.34221.43
MinimumVisualStudioVersion = 10.0.40219.1
Project("{FAE04EC0-301F-11D3-BF4B-00C04F79EFBC}") = "Exercicio37", "Exercicio37\Exercicio37.csproj", "{2696BE37-469B-4356-94FE-BBD41463842A}"
EndProject
Global
	GlobalSection(SolutionConfigurationPlatforms) = preSolution
		Debug|Any CPU = Debug|Any CPU
		Release|Any CPU = Release|Any CPU
	EndGlobalSection
	GlobalSection(ProjectConfigurationPlatforms) = postSolution
		{2696BE37-469B-4356-94FE-BBD41463842A}.Debug|Any CPU.ActiveCfg = Debug|Any CPU
		{2696BE37-469B-4356-94FE-BBD41463842A}.Debug|Any CPU.Build.0 = Debug|Any CPU
		{2696BE37-469B-4356-94FE-BBD41463842A}.Release|Any CPU.ActiveCfg = Release|Any CPU
		{2696BE37-469B-4356-94FE-BBD41463842A}.Release|Any CPU.Build.0 = Release|Any CPU
	EndGlobalSection
	GlobalSection(SolutionProperties) = preSolution
		HideSolutionNode = FALSE
	EndGlobalSection
	GlobalSection(ExtensibilityGlobals) = postSolution
		SolutionGuid = {65B4D9B8-5DC6-4134-9B60-215E82C2DE93}
	EndGlobalSection
EndGlobal
