
Microsoft Visual Studio Solution File, Format Version 12.00
# Visual Studio Version 17
VisualStudioVersion = 17.7.34221.43
MinimumVisualStudioVersion = 10.0.40219.1
Project("{FAE04EC0-301F-11D3-BF4B-00C04F79EFBC}") = "Exercicio149_SomandoInteirosConsecultivos", "Exercicio149_SomandoInteirosConsecultivos\Exercicio149_SomandoInteirosConsecultivos.csproj", "{B665216D-DC02-44EC-B312-5E928B672E61}"
EndProject
Global
	GlobalSection(SolutionConfigurationPlatforms) = preSolution
		Debug|Any CPU = Debug|Any CPU
		Release|Any CPU = Release|Any CPU
	EndGlobalSection
	GlobalSection(ProjectConfigurationPlatforms) = postSolution
		{B665216D-DC02-44EC-B312-5E928B672E61}.Debug|Any CPU.ActiveCfg = Debug|Any CPU
		{B665216D-DC02-44EC-B312-5E928B672E61}.Debug|Any CPU.Build.0 = Debug|Any CPU
		{B665216D-DC02-44EC-B312-5E928B672E61}.Release|Any CPU.ActiveCfg = Release|Any CPU
		{B665216D-DC02-44EC-B312-5E928B672E61}.Release|Any CPU.Build.0 = Release|Any CPU
	EndGlobalSection
	GlobalSection(SolutionProperties) = preSolution
		HideSolutionNode = FALSE
	EndGlobalSection
	GlobalSection(ExtensibilityGlobals) = postSolution
		SolutionGuid = {F428D8C9-181B-4EB0-8EED-3F993AF2871C}
	EndGlobalSection
EndGlobal
