
Microsoft Visual Studio Solution File, Format Version 12.00
# Visual Studio Version 17
VisualStudioVersion = 17.7.34221.43
MinimumVisualStudioVersion = 10.0.40219.1
Project("{FAE04EC0-301F-11D3-BF4B-00C04F79EFBC}") = "Exercicio101_SequenciaDeNumerosESoma", "Exercicio101_SequenciaDeNumerosESoma\Exercicio101_SequenciaDeNumerosESoma.csproj", "{CCBF861D-7253-4DC0-8AFA-8203D654541B}"
EndProject
Global
	GlobalSection(SolutionConfigurationPlatforms) = preSolution
		Debug|Any CPU = Debug|Any CPU
		Release|Any CPU = Release|Any CPU
	EndGlobalSection
	GlobalSection(ProjectConfigurationPlatforms) = postSolution
		{CCBF861D-7253-4DC0-8AFA-8203D654541B}.Debug|Any CPU.ActiveCfg = Debug|Any CPU
		{CCBF861D-7253-4DC0-8AFA-8203D654541B}.Debug|Any CPU.Build.0 = Debug|Any CPU
		{CCBF861D-7253-4DC0-8AFA-8203D654541B}.Release|Any CPU.ActiveCfg = Release|Any CPU
		{CCBF861D-7253-4DC0-8AFA-8203D654541B}.Release|Any CPU.Build.0 = Release|Any CPU
	EndGlobalSection
	GlobalSection(SolutionProperties) = preSolution
		HideSolutionNode = FALSE
	EndGlobalSection
	GlobalSection(ExtensibilityGlobals) = postSolution
		SolutionGuid = {B725C98F-AF07-4CCA-A034-8BE234774F77}
	EndGlobalSection
EndGlobal
