
Microsoft Visual Studio Solution File, Format Version 12.00
# Visual Studio Version 17
VisualStudioVersion = 17.7.34221.43
MinimumVisualStudioVersion = 10.0.40219.1
Project("{FAE04EC0-301F-11D3-BF4B-00C04F79EFBC}") = "Exercicio06", "Exercicio06\Exercicio06.csproj", "{8BD49A14-4DC2-4940-B6DA-F4186C533355}"
EndProject
Global
	GlobalSection(SolutionConfigurationPlatforms) = preSolution
		Debug|Any CPU = Debug|Any CPU
		Release|Any CPU = Release|Any CPU
	EndGlobalSection
	GlobalSection(ProjectConfigurationPlatforms) = postSolution
		{8BD49A14-4DC2-4940-B6DA-F4186C533355}.Debug|Any CPU.ActiveCfg = Debug|Any CPU
		{8BD49A14-4DC2-4940-B6DA-F4186C533355}.Debug|Any CPU.Build.0 = Debug|Any CPU
		{8BD49A14-4DC2-4940-B6DA-F4186C533355}.Release|Any CPU.ActiveCfg = Release|Any CPU
		{8BD49A14-4DC2-4940-B6DA-F4186C533355}.Release|Any CPU.Build.0 = Release|Any CPU
	EndGlobalSection
	GlobalSection(SolutionProperties) = preSolution
		HideSolutionNode = FALSE
	EndGlobalSection
	GlobalSection(ExtensibilityGlobals) = postSolution
		SolutionGuid = {5C9F5406-46EA-4230-A5F2-F415CF71C451}
	EndGlobalSection
EndGlobal
