
Microsoft Visual Studio Solution File, Format Version 12.00
# Visual Studio Version 17
VisualStudioVersion = 17.7.34221.43
MinimumVisualStudioVersion = 10.0.40219.1
Project("{FAE04EC0-301F-11D3-BF4B-00C04F79EFBC}") = "Exercicio04", "Exercicio04\Exercicio04.csproj", "{CDEF5590-FB14-4468-A827-1224527A9922}"
EndProject
Global
	GlobalSection(SolutionConfigurationPlatforms) = preSolution
		Debug|Any CPU = Debug|Any CPU
		Release|Any CPU = Release|Any CPU
	EndGlobalSection
	GlobalSection(ProjectConfigurationPlatforms) = postSolution
		{CDEF5590-FB14-4468-A827-1224527A9922}.Debug|Any CPU.ActiveCfg = Debug|Any CPU
		{CDEF5590-FB14-4468-A827-1224527A9922}.Debug|Any CPU.Build.0 = Debug|Any CPU
		{CDEF5590-FB14-4468-A827-1224527A9922}.Release|Any CPU.ActiveCfg = Release|Any CPU
		{CDEF5590-FB14-4468-A827-1224527A9922}.Release|Any CPU.Build.0 = Release|Any CPU
	EndGlobalSection
	GlobalSection(SolutionProperties) = preSolution
		HideSolutionNode = FALSE
	EndGlobalSection
	GlobalSection(ExtensibilityGlobals) = postSolution
		SolutionGuid = {BC3BEA32-C6FD-44A5-8EB8-782A53AD1554}
	EndGlobalSection
EndGlobal
