
Microsoft Visual Studio Solution File, Format Version 12.00
# Visual Studio Version 17
VisualStudioVersion = 17.7.34221.43
MinimumVisualStudioVersion = 10.0.40219.1
Project("{FAE04EC0-301F-11D3-BF4B-00C04F79EFBC}") = "Exercicio40", "Exercicio40\Exercicio40.csproj", "{0BDAD2CD-9F36-4D94-8029-9355B316CA92}"
EndProject
Global
	GlobalSection(SolutionConfigurationPlatforms) = preSolution
		Debug|Any CPU = Debug|Any CPU
		Release|Any CPU = Release|Any CPU
	EndGlobalSection
	GlobalSection(ProjectConfigurationPlatforms) = postSolution
		{0BDAD2CD-9F36-4D94-8029-9355B316CA92}.Debug|Any CPU.ActiveCfg = Debug|Any CPU
		{0BDAD2CD-9F36-4D94-8029-9355B316CA92}.Debug|Any CPU.Build.0 = Debug|Any CPU
		{0BDAD2CD-9F36-4D94-8029-9355B316CA92}.Release|Any CPU.ActiveCfg = Release|Any CPU
		{0BDAD2CD-9F36-4D94-8029-9355B316CA92}.Release|Any CPU.Build.0 = Release|Any CPU
	EndGlobalSection
	GlobalSection(SolutionProperties) = preSolution
		HideSolutionNode = FALSE
	EndGlobalSection
	GlobalSection(ExtensibilityGlobals) = postSolution
		SolutionGuid = {2A1CE3AF-B55F-4178-9274-2BC61B5A88BC}
	EndGlobalSection
EndGlobal
