
Microsoft Visual Studio Solution File, Format Version 12.00
# Visual Studio Version 17
VisualStudioVersion = 17.7.34221.43
MinimumVisualStudioVersion = 10.0.40219.1
Project("{FAE04EC0-301F-11D3-BF4B-00C04F79EFBC}") = "Exemplo 1", "Exemplo 1\Exemplo 1.csproj", "{673C09E5-B686-43A0-A62D-CE4823FC0DB5}"
EndProject
Global
	GlobalSection(SolutionConfigurationPlatforms) = preSolution
		Debug|Any CPU = Debug|Any CPU
		Release|Any CPU = Release|Any CPU
	EndGlobalSection
	GlobalSection(ProjectConfigurationPlatforms) = postSolution
		{673C09E5-B686-43A0-A62D-CE4823FC0DB5}.Debug|Any CPU.ActiveCfg = Debug|Any CPU
		{673C09E5-B686-43A0-A62D-CE4823FC0DB5}.Debug|Any CPU.Build.0 = Debug|Any CPU
		{673C09E5-B686-43A0-A62D-CE4823FC0DB5}.Release|Any CPU.ActiveCfg = Release|Any CPU
		{673C09E5-B686-43A0-A62D-CE4823FC0DB5}.Release|Any CPU.Build.0 = Release|Any CPU
	EndGlobalSection
	GlobalSection(SolutionProperties) = preSolution
		HideSolutionNode = FALSE
	EndGlobalSection
	GlobalSection(ExtensibilityGlobals) = postSolution
		SolutionGuid = {FC075C49-6198-4C89-B020-0A22604651E1}
	EndGlobalSection
EndGlobal
