
Microsoft Visual Studio Solution File, Format Version 12.00
# Visual Studio Version 17
VisualStudioVersion = 17.7.34221.43
MinimumVisualStudioVersion = 10.0.40219.1
Project("{FAE04EC0-301F-11D3-BF4B-00C04F79EFBC}") = "Salario", "Salario\Salario.csproj", "{73D01E51-AEAB-4F55-B4E0-FD006E3D575F}"
EndProject
Global
	GlobalSection(SolutionConfigurationPlatforms) = preSolution
		Debug|Any CPU = Debug|Any CPU
		Release|Any CPU = Release|Any CPU
	EndGlobalSection
	GlobalSection(ProjectConfigurationPlatforms) = postSolution
		{73D01E51-AEAB-4F55-B4E0-FD006E3D575F}.Debug|Any CPU.ActiveCfg = Debug|Any CPU
		{73D01E51-AEAB-4F55-B4E0-FD006E3D575F}.Debug|Any CPU.Build.0 = Debug|Any CPU
		{73D01E51-AEAB-4F55-B4E0-FD006E3D575F}.Release|Any CPU.ActiveCfg = Release|Any CPU
		{73D01E51-AEAB-4F55-B4E0-FD006E3D575F}.Release|Any CPU.Build.0 = Release|Any CPU
	EndGlobalSection
	GlobalSection(SolutionProperties) = preSolution
		HideSolutionNode = FALSE
	EndGlobalSection
	GlobalSection(ExtensibilityGlobals) = postSolution
		SolutionGuid = {008A5708-EAAF-41B8-82BD-9DBC9AA21B85}
	EndGlobalSection
EndGlobal
