
Microsoft Visual Studio Solution File, Format Version 12.00
# Visual Studio Version 17
VisualStudioVersion = 17.7.34221.43
MinimumVisualStudioVersion = 10.0.40219.1
Project("{FAE04EC0-301F-11D3-BF4B-00C04F79EFBC}") = "ProdutoSimples", "ProdutoSimples\ProdutoSimples.csproj", "{0ECB4629-5605-4DC9-BEB5-F046E8DCFB6D}"
EndProject
Global
	GlobalSection(SolutionConfigurationPlatforms) = preSolution
		Debug|Any CPU = Debug|Any CPU
		Release|Any CPU = Release|Any CPU
	EndGlobalSection
	GlobalSection(ProjectConfigurationPlatforms) = postSolution
		{0ECB4629-5605-4DC9-BEB5-F046E8DCFB6D}.Debug|Any CPU.ActiveCfg = Debug|Any CPU
		{0ECB4629-5605-4DC9-BEB5-F046E8DCFB6D}.Debug|Any CPU.Build.0 = Debug|Any CPU
		{0ECB4629-5605-4DC9-BEB5-F046E8DCFB6D}.Release|Any CPU.ActiveCfg = Release|Any CPU
		{0ECB4629-5605-4DC9-BEB5-F046E8DCFB6D}.Release|Any CPU.Build.0 = Release|Any CPU
	EndGlobalSection
	GlobalSection(SolutionProperties) = preSolution
		HideSolutionNode = FALSE
	EndGlobalSection
	GlobalSection(ExtensibilityGlobals) = postSolution
		SolutionGuid = {FB8DB85F-CA9E-4334-AC92-0D5C7B03E438}
	EndGlobalSection
EndGlobal
