
Microsoft Visual Studio Solution File, Format Version 12.00
# Visual Studio Version 17
VisualStudioVersion = 17.7.34221.43
MinimumVisualStudioVersion = 10.0.40219.1
Project("{FAE04EC0-301F-11D3-BF4B-00C04F79EFBC}") = "Exercicio46", "Exercicio46\Exercicio46.csproj", "{2E59F460-B14F-4B1F-80CC-488E27CAB942}"
EndProject
Global
	GlobalSection(SolutionConfigurationPlatforms) = preSolution
		Debug|Any CPU = Debug|Any CPU
		Release|Any CPU = Release|Any CPU
	EndGlobalSection
	GlobalSection(ProjectConfigurationPlatforms) = postSolution
		{2E59F460-B14F-4B1F-80CC-488E27CAB942}.Debug|Any CPU.ActiveCfg = Debug|Any CPU
		{2E59F460-B14F-4B1F-80CC-488E27CAB942}.Debug|Any CPU.Build.0 = Debug|Any CPU
		{2E59F460-B14F-4B1F-80CC-488E27CAB942}.Release|Any CPU.ActiveCfg = Release|Any CPU
		{2E59F460-B14F-4B1F-80CC-488E27CAB942}.Release|Any CPU.Build.0 = Release|Any CPU
	EndGlobalSection
	GlobalSection(SolutionProperties) = preSolution
		HideSolutionNode = FALSE
	EndGlobalSection
	GlobalSection(ExtensibilityGlobals) = postSolution
		SolutionGuid = {F1EDEA3D-3D8B-4E2F-BC4D-322B4EC8E4A3}
	EndGlobalSection
EndGlobal
