
Microsoft Visual Studio Solution File, Format Version 12.00
# Visual Studio Version 17
VisualStudioVersion = 17.7.34221.43
MinimumVisualStudioVersion = 10.0.40219.1
Project("{FAE04EC0-301F-11D3-BF4B-00C04F79EFBC}") = "Exercicio02", "Exercicio02\Exercicio02.csproj", "{C2A1F3ED-2A22-430D-ACAA-93D6843954A4}"
EndProject
Global
	GlobalSection(SolutionConfigurationPlatforms) = preSolution
		Debug|Any CPU = Debug|Any CPU
		Release|Any CPU = Release|Any CPU
	EndGlobalSection
	GlobalSection(ProjectConfigurationPlatforms) = postSolution
		{C2A1F3ED-2A22-430D-ACAA-93D6843954A4}.Debug|Any CPU.ActiveCfg = Debug|Any CPU
		{C2A1F3ED-2A22-430D-ACAA-93D6843954A4}.Debug|Any CPU.Build.0 = Debug|Any CPU
		{C2A1F3ED-2A22-430D-ACAA-93D6843954A4}.Release|Any CPU.ActiveCfg = Release|Any CPU
		{C2A1F3ED-2A22-430D-ACAA-93D6843954A4}.Release|Any CPU.Build.0 = Release|Any CPU
	EndGlobalSection
	GlobalSection(SolutionProperties) = preSolution
		HideSolutionNode = FALSE
	EndGlobalSection
	GlobalSection(ExtensibilityGlobals) = postSolution
		SolutionGuid = {073BF953-7F48-4597-8A48-9DC8D9EC4C9C}
	EndGlobalSection
EndGlobal
