
Microsoft Visual Studio Solution File, Format Version 12.00
# Visual Studio Version 17
VisualStudioVersion = 17.7.34221.43
MinimumVisualStudioVersion = 10.0.40219.1
Project("{FAE04EC0-301F-11D3-BF4B-00C04F79EFBC}") = "MediaPonderada_1", "MediaPonderada_1\MediaPonderada_1.csproj", "{FAE40D5D-FEB1-4AEB-BF59-3B2ECEFE694A}"
EndProject
Global
	GlobalSection(SolutionConfigurationPlatforms) = preSolution
		Debug|Any CPU = Debug|Any CPU
		Release|Any CPU = Release|Any CPU
	EndGlobalSection
	GlobalSection(ProjectConfigurationPlatforms) = postSolution
		{FAE40D5D-FEB1-4AEB-BF59-3B2ECEFE694A}.Debug|Any CPU.ActiveCfg = Debug|Any CPU
		{FAE40D5D-FEB1-4AEB-BF59-3B2ECEFE694A}.Debug|Any CPU.Build.0 = Debug|Any CPU
		{FAE40D5D-FEB1-4AEB-BF59-3B2ECEFE694A}.Release|Any CPU.ActiveCfg = Release|Any CPU
		{FAE40D5D-FEB1-4AEB-BF59-3B2ECEFE694A}.Release|Any CPU.Build.0 = Release|Any CPU
	EndGlobalSection
	GlobalSection(SolutionProperties) = preSolution
		HideSolutionNode = FALSE
	EndGlobalSection
	GlobalSection(ExtensibilityGlobals) = postSolution
		SolutionGuid = {80E0262F-74AC-4CAA-B422-15A7C4947536}
	EndGlobalSection
EndGlobal
