
Microsoft Visual Studio Solution File, Format Version 12.00
# Visual Studio Version 17
VisualStudioVersion = 17.7.34221.43
MinimumVisualStudioVersion = 10.0.40219.1
Project("{FAE04EC0-301F-11D3-BF4B-00C04F79EFBC}") = "SistemaGerenciamentoDeSupermercados", "SistemaGerenciamentoDeSupermercados\SistemaGerenciamentoDeSupermercados.csproj", "{348EA2F8-2384-4379-97BD-01201A2CDBBD}"
EndProject
Global
	GlobalSection(SolutionConfigurationPlatforms) = preSolution
		Debug|Any CPU = Debug|Any CPU
		Release|Any CPU = Release|Any CPU
	EndGlobalSection
	GlobalSection(ProjectConfigurationPlatforms) = postSolution
		{348EA2F8-2384-4379-97BD-01201A2CDBBD}.Debug|Any CPU.ActiveCfg = Debug|Any CPU
		{348EA2F8-2384-4379-97BD-01201A2CDBBD}.Debug|Any CPU.Build.0 = Debug|Any CPU
		{348EA2F8-2384-4379-97BD-01201A2CDBBD}.Release|Any CPU.ActiveCfg = Release|Any CPU
		{348EA2F8-2384-4379-97BD-01201A2CDBBD}.Release|Any CPU.Build.0 = Release|Any CPU
	EndGlobalSection
	GlobalSection(SolutionProperties) = preSolution
		HideSolutionNode = FALSE
	EndGlobalSection
	GlobalSection(ExtensibilityGlobals) = postSolution
		SolutionGuid = {3AAF7187-F574-45A5-9726-7C14DF540254}
	EndGlobalSection
EndGlobal
