
Microsoft Visual Studio Solution File, Format Version 12.00
# Visual Studio Version 17
VisualStudioVersion = 17.7.34221.43
MinimumVisualStudioVersion = 10.0.40219.1
Project("{FAE04EC0-301F-11D3-BF4B-00C04F79EFBC}") = "Exercicio71_SomaDeImparesConsecultivos1", "Exercicio71_SomaDeImparesConsecultivos1\Exercicio71_SomaDeImparesConsecultivos1.csproj", "{932A86E3-DF0D-46B7-B336-6D719DEC08F3}"
EndProject
Global
	GlobalSection(SolutionConfigurationPlatforms) = preSolution
		Debug|Any CPU = Debug|Any CPU
		Release|Any CPU = Release|Any CPU
	EndGlobalSection
	GlobalSection(ProjectConfigurationPlatforms) = postSolution
		{932A86E3-DF0D-46B7-B336-6D719DEC08F3}.Debug|Any CPU.ActiveCfg = Debug|Any CPU
		{932A86E3-DF0D-46B7-B336-6D719DEC08F3}.Debug|Any CPU.Build.0 = Debug|Any CPU
		{932A86E3-DF0D-46B7-B336-6D719DEC08F3}.Release|Any CPU.ActiveCfg = Release|Any CPU
		{932A86E3-DF0D-46B7-B336-6D719DEC08F3}.Release|Any CPU.Build.0 = Release|Any CPU
	EndGlobalSection
	GlobalSection(SolutionProperties) = preSolution
		HideSolutionNode = FALSE
	EndGlobalSection
	GlobalSection(ExtensibilityGlobals) = postSolution
		SolutionGuid = {45D69A68-73D2-4FB5-8386-C03DA60E4235}
	EndGlobalSection
EndGlobal
