
Microsoft Visual Studio Solution File, Format Version 12.00
# Visual Studio Version 17
VisualStudioVersion = 17.7.34221.43
MinimumVisualStudioVersion = 10.0.40219.1
Project("{FAE04EC0-301F-11D3-BF4B-00C04F79EFBC}") = "Exercicio08_Vetor", "Exercicio08_Vetor\Exercicio08_Vetor.csproj", "{C426D5ED-8A54-405D-BA5B-A6FC95A4B535}"
EndProject
Global
	GlobalSection(SolutionConfigurationPlatforms) = preSolution
		Debug|Any CPU = Debug|Any CPU
		Release|Any CPU = Release|Any CPU
	EndGlobalSection
	GlobalSection(ProjectConfigurationPlatforms) = postSolution
		{C426D5ED-8A54-405D-BA5B-A6FC95A4B535}.Debug|Any CPU.ActiveCfg = Debug|Any CPU
		{C426D5ED-8A54-405D-BA5B-A6FC95A4B535}.Debug|Any CPU.Build.0 = Debug|Any CPU
		{C426D5ED-8A54-405D-BA5B-A6FC95A4B535}.Release|Any CPU.ActiveCfg = Release|Any CPU
		{C426D5ED-8A54-405D-BA5B-A6FC95A4B535}.Release|Any CPU.Build.0 = Release|Any CPU
	EndGlobalSection
	GlobalSection(SolutionProperties) = preSolution
		HideSolutionNode = FALSE
	EndGlobalSection
	GlobalSection(ExtensibilityGlobals) = postSolution
		SolutionGuid = {AD1C162B-CDEC-41DC-B3A2-957666D3B373}
	EndGlobalSection
EndGlobal
