
Microsoft Visual Studio Solution File, Format Version 12.00
# Visual Studio Version 17
VisualStudioVersion = 17.7.34221.43
MinimumVisualStudioVersion = 10.0.40219.1
Project("{FAE04EC0-301F-11D3-BF4B-00C04F79EFBC}") = "ex7", "ex7\ex7.csproj", "{5F9520FB-EE5B-4C2B-992D-D65B8F5405FD}"
EndProject
Global
	GlobalSection(SolutionConfigurationPlatforms) = preSolution
		Debug|Any CPU = Debug|Any CPU
		Release|Any CPU = Release|Any CPU
	EndGlobalSection
	GlobalSection(ProjectConfigurationPlatforms) = postSolution
		{5F9520FB-EE5B-4C2B-992D-D65B8F5405FD}.Debug|Any CPU.ActiveCfg = Debug|Any CPU
		{5F9520FB-EE5B-4C2B-992D-D65B8F5405FD}.Debug|Any CPU.Build.0 = Debug|Any CPU
		{5F9520FB-EE5B-4C2B-992D-D65B8F5405FD}.Release|Any CPU.ActiveCfg = Release|Any CPU
		{5F9520FB-EE5B-4C2B-992D-D65B8F5405FD}.Release|Any CPU.Build.0 = Release|Any CPU
	EndGlobalSection
	GlobalSection(SolutionProperties) = preSolution
		HideSolutionNode = FALSE
	EndGlobalSection
	GlobalSection(ExtensibilityGlobals) = postSolution
		SolutionGuid = {0045F76B-E7C9-43C7-9A85-0E592DBF94AF}
	EndGlobalSection
EndGlobal
