
Microsoft Visual Studio Solution File, Format Version 12.00
# Visual Studio Version 17
VisualStudioVersion = 17.7.34221.43
MinimumVisualStudioVersion = 10.0.40219.1
Project("{FAE04EC0-301F-11D3-BF4B-00C04F79EFBC}") = "Ex7_Cedulas", "Ex7_Cedulas\Ex7_Cedulas.csproj", "{61012A28-4BDF-4CFE-B992-1CEAC4A2D1F7}"
EndProject
Global
	GlobalSection(SolutionConfigurationPlatforms) = preSolution
		Debug|Any CPU = Debug|Any CPU
		Release|Any CPU = Release|Any CPU
	EndGlobalSection
	GlobalSection(ProjectConfigurationPlatforms) = postSolution
		{61012A28-4BDF-4CFE-B992-1CEAC4A2D1F7}.Debug|Any CPU.ActiveCfg = Debug|Any CPU
		{61012A28-4BDF-4CFE-B992-1CEAC4A2D1F7}.Debug|Any CPU.Build.0 = Debug|Any CPU
		{61012A28-4BDF-4CFE-B992-1CEAC4A2D1F7}.Release|Any CPU.ActiveCfg = Release|Any CPU
		{61012A28-4BDF-4CFE-B992-1CEAC4A2D1F7}.Release|Any CPU.Build.0 = Release|Any CPU
	EndGlobalSection
	GlobalSection(SolutionProperties) = preSolution
		HideSolutionNode = FALSE
	EndGlobalSection
	GlobalSection(ExtensibilityGlobals) = postSolution
		SolutionGuid = {A649F9CD-9425-44D7-90CD-96806CE13671}
	EndGlobalSection
EndGlobal
