
Microsoft Visual Studio Solution File, Format Version 12.00
# Visual Studio Version 17
VisualStudioVersion = 17.7.34221.43
MinimumVisualStudioVersion = 10.0.40219.1
Project("{FAE04EC0-301F-11D3-BF4B-00C04F79EFBC}") = "Distancia", "Distancia\Distancia.csproj", "{4C5690B8-DA1E-47D3-8478-57B717C65A69}"
EndProject
Global
	GlobalSection(SolutionConfigurationPlatforms) = preSolution
		Debug|Any CPU = Debug|Any CPU
		Release|Any CPU = Release|Any CPU
	EndGlobalSection
	GlobalSection(ProjectConfigurationPlatforms) = postSolution
		{4C5690B8-DA1E-47D3-8478-57B717C65A69}.Debug|Any CPU.ActiveCfg = Debug|Any CPU
		{4C5690B8-DA1E-47D3-8478-57B717C65A69}.Debug|Any CPU.Build.0 = Debug|Any CPU
		{4C5690B8-DA1E-47D3-8478-57B717C65A69}.Release|Any CPU.ActiveCfg = Release|Any CPU
		{4C5690B8-DA1E-47D3-8478-57B717C65A69}.Release|Any CPU.Build.0 = Release|Any CPU
	EndGlobalSection
	GlobalSection(SolutionProperties) = preSolution
		HideSolutionNode = FALSE
	EndGlobalSection
	GlobalSection(ExtensibilityGlobals) = postSolution
		SolutionGuid = {66F613E9-25F1-400C-929D-2F5A397B3FDE}
	EndGlobalSection
EndGlobal
